// !$*UTF8*$!
{
	archiveVersion = 1;
	classes = {
	};
	objectVersion = 46;
	objects = {

/* Begin PBXBuildFile section */
		3B51EB964AF7F45115F75B8C /* Pods_ChatAppUITests.framework in Frameworks */ = {isa = PBXBuildFile; fileRef = 20BFB7F70CF2EFAB99667825 /* Pods_ChatAppUITests.framework */; };
		51BE6A06B81F5EDB2EE6BC29 /* Pods_ChatApp.framework in Frameworks */ = {isa = PBXBuildFile; fileRef = D24E7C4AF64EF15A7843E919 /* Pods_ChatApp.framework */; };
		94181CAC1D654E2E00B2DD80 /* AppDelegate.swift in Sources */ = {isa = PBXBuildFile; fileRef = 94181CAB1D654E2E00B2DD80 /* AppDelegate.swift */; };
		94181CAE1D654E2E00B2DD80 /* ViewController.swift in Sources */ = {isa = PBXBuildFile; fileRef = 94181CAD1D654E2E00B2DD80 /* ViewController.swift */; };
		94181CB11D654E2E00B2DD80 /* Main.storyboard in Resources */ = {isa = PBXBuildFile; fileRef = 94181CAF1D654E2E00B2DD80 /* Main.storyboard */; };
		94181CB31D654E2E00B2DD80 /* Assets.xcassets in Resources */ = {isa = PBXBuildFile; fileRef = 94181CB21D654E2E00B2DD80 /* Assets.xcassets */; };
		94181CB61D654E2E00B2DD80 /* LaunchScreen.storyboard in Resources */ = {isa = PBXBuildFile; fileRef = 94181CB41D654E2E00B2DD80 /* LaunchScreen.storyboard */; };
		94181CC11D654E2E00B2DD80 /* ChatAppTests.swift in Sources */ = {isa = PBXBuildFile; fileRef = 94181CC01D654E2E00B2DD80 /* ChatAppTests.swift */; };
		94181CCC1D654E2E00B2DD80 /* ChatAppUITests.swift in Sources */ = {isa = PBXBuildFile; fileRef = 94181CCB1D654E2E00B2DD80 /* ChatAppUITests.swift */; };
		94181CDA1D654E8A00B2DD80 /* GoogleService-Info.plist in Resources */ = {isa = PBXBuildFile; fileRef = 94181CD91D654E8A00B2DD80 /* GoogleService-Info.plist */; };
		94181CDC1D657E6F00B2DD80 /* CreateAccountViewController.swift in Sources */ = {isa = PBXBuildFile; fileRef = 94181CDB1D657E6F00B2DD80 /* CreateAccountViewController.swift */; };
		94181CEC1D66AF4600B2DD80 /* MyChatsViewController.swift in Sources */ = {isa = PBXBuildFile; fileRef = 94181CEB1D66AF4600B2DD80 /* MyChatsViewController.swift */; };
		94181CEE1D66AF6800B2DD80 /* ChatTableViewCell.swift in Sources */ = {isa = PBXBuildFile; fileRef = 94181CED1D66AF6800B2DD80 /* ChatTableViewCell.swift */; };
		942F55261D6A10F00044F3C9 /* CreateChatViewController.swift in Sources */ = {isa = PBXBuildFile; fileRef = 942F55251D6A10F00044F3C9 /* CreateChatViewController.swift */; };
		9494C90F1D6B769600942948 /* MessageTableViewCell.swift in Sources */ = {isa = PBXBuildFile; fileRef = 9494C90E1D6B769600942948 /* MessageTableViewCell.swift */; };
		94FFC7901D6CEB8C00026B1B /* MessageViewController.swift in Sources */ = {isa = PBXBuildFile; fileRef = 94FFC78F1D6CEB8C00026B1B /* MessageViewController.swift */; };
		A31308CD6378B54CE3D586E0 /* Pods_ChatAppTests.framework in Frameworks */ = {isa = PBXBuildFile; fileRef = 3C53F41D34C59AEE7D642605 /* Pods_ChatAppTests.framework */; };
/* End PBXBuildFile section */

/* Begin PBXContainerItemProxy section */
		94181CBD1D654E2E00B2DD80 /* PBXContainerItemProxy */ = {
			isa = PBXContainerItemProxy;
			containerPortal = 94181CA01D654E2E00B2DD80 /* Project object */;
			proxyType = 1;
			remoteGlobalIDString = 94181CA71D654E2E00B2DD80;
			remoteInfo = ChatApp;
		};
		94181CC81D654E2E00B2DD80 /* PBXContainerItemProxy */ = {
			isa = PBXContainerItemProxy;
			containerPortal = 94181CA01D654E2E00B2DD80 /* Project object */;
			proxyType = 1;
			remoteGlobalIDString = 94181CA71D654E2E00B2DD80;
			remoteInfo = ChatApp;
		};
/* End PBXContainerItemProxy section */

/* Begin PBXFileReference section */
		158359A158628C3753957325 /* Pods-ChatApp.release.xcconfig */ = {isa = PBXFileReference; includeInIndex = 1; lastKnownFileType = text.xcconfig; name = "Pods-ChatApp.release.xcconfig"; path = "Pods/Target Support Files/Pods-ChatApp/Pods-ChatApp.release.xcconfig"; sourceTree = "<group>"; };
		20BFB7F70CF2EFAB99667825 /* Pods_ChatAppUITests.framework */ = {isa = PBXFileReference; explicitFileType = wrapper.framework; includeInIndex = 0; path = Pods_ChatAppUITests.framework; sourceTree = BUILT_PRODUCTS_DIR; };
		3C53F41D34C59AEE7D642605 /* Pods_ChatAppTests.framework */ = {isa = PBXFileReference; explicitFileType = wrapper.framework; includeInIndex = 0; path = Pods_ChatAppTests.framework; sourceTree = BUILT_PRODUCTS_DIR; };
		445CCD6F0FD0A5F1BB54C92A /* Pods-ChatAppUITests.debug.xcconfig */ = {isa = PBXFileReference; includeInIndex = 1; lastKnownFileType = text.xcconfig; name = "Pods-ChatAppUITests.debug.xcconfig"; path = "Pods/Target Support Files/Pods-ChatAppUITests/Pods-ChatAppUITests.debug.xcconfig"; sourceTree = "<group>"; };
		708DD5AA976552503A8ED74D /* Pods-ChatApp.debug.xcconfig */ = {isa = PBXFileReference; includeInIndex = 1; lastKnownFileType = text.xcconfig; name = "Pods-ChatApp.debug.xcconfig"; path = "Pods/Target Support Files/Pods-ChatApp/Pods-ChatApp.debug.xcconfig"; sourceTree = "<group>"; };
		94181CA81D654E2E00B2DD80 /* ChatApp.app */ = {isa = PBXFileReference; explicitFileType = wrapper.application; includeInIndex = 0; path = ChatApp.app; sourceTree = BUILT_PRODUCTS_DIR; };
		94181CAB1D654E2E00B2DD80 /* AppDelegate.swift */ = {isa = PBXFileReference; lastKnownFileType = sourcecode.swift; path = AppDelegate.swift; sourceTree = "<group>"; };
		94181CAD1D654E2E00B2DD80 /* ViewController.swift */ = {isa = PBXFileReference; lastKnownFileType = sourcecode.swift; path = ViewController.swift; sourceTree = "<group>"; };
		94181CB01D654E2E00B2DD80 /* Base */ = {isa = PBXFileReference; lastKnownFileType = file.storyboard; name = Base; path = Base.lproj/Main.storyboard; sourceTree = "<group>"; };
		94181CB21D654E2E00B2DD80 /* Assets.xcassets */ = {isa = PBXFileReference; lastKnownFileType = folder.assetcatalog; path = Assets.xcassets; sourceTree = "<group>"; };
		94181CB51D654E2E00B2DD80 /* Base */ = {isa = PBXFileReference; lastKnownFileType = file.storyboard; name = Base; path = Base.lproj/LaunchScreen.storyboard; sourceTree = "<group>"; };
		94181CB71D654E2E00B2DD80 /* Info.plist */ = {isa = PBXFileReference; lastKnownFileType = text.plist.xml; path = Info.plist; sourceTree = "<group>"; };
		94181CBC1D654E2E00B2DD80 /* ChatAppTests.xctest */ = {isa = PBXFileReference; explicitFileType = wrapper.cfbundle; includeInIndex = 0; path = ChatAppTests.xctest; sourceTree = BUILT_PRODUCTS_DIR; };
		94181CC01D654E2E00B2DD80 /* ChatAppTests.swift */ = {isa = PBXFileReference; lastKnownFileType = sourcecode.swift; path = ChatAppTests.swift; sourceTree = "<group>"; };
		94181CC21D654E2E00B2DD80 /* Info.plist */ = {isa = PBXFileReference; lastKnownFileType = text.plist.xml; path = Info.plist; sourceTree = "<group>"; };
		94181CC71D654E2E00B2DD80 /* ChatAppUITests.xctest */ = {isa = PBXFileReference; explicitFileType = wrapper.cfbundle; includeInIndex = 0; path = ChatAppUITests.xctest; sourceTree = BUILT_PRODUCTS_DIR; };
		94181CCB1D654E2E00B2DD80 /* ChatAppUITests.swift */ = {isa = PBXFileReference; lastKnownFileType = sourcecode.swift; path = ChatAppUITests.swift; sourceTree = "<group>"; };
		94181CCD1D654E2E00B2DD80 /* Info.plist */ = {isa = PBXFileReference; lastKnownFileType = text.plist.xml; path = Info.plist; sourceTree = "<group>"; };
		94181CD91D654E8A00B2DD80 /* GoogleService-Info.plist */ = {isa = PBXFileReference; fileEncoding = 4; lastKnownFileType = text.plist.xml; path = "GoogleService-Info.plist"; sourceTree = "<group>"; };
		94181CDB1D657E6F00B2DD80 /* CreateAccountViewController.swift */ = {isa = PBXFileReference; fileEncoding = 4; lastKnownFileType = sourcecode.swift; path = CreateAccountViewController.swift; sourceTree = "<group>"; };
		94181CEB1D66AF4600B2DD80 /* MyChatsViewController.swift */ = {isa = PBXFileReference; fileEncoding = 4; lastKnownFileType = sourcecode.swift; path = MyChatsViewController.swift; sourceTree = "<group>"; };
		94181CED1D66AF6800B2DD80 /* ChatTableViewCell.swift */ = {isa = PBXFileReference; fileEncoding = 4; lastKnownFileType = sourcecode.swift; path = ChatTableViewCell.swift; sourceTree = "<group>"; };
		942F55251D6A10F00044F3C9 /* CreateChatViewController.swift */ = {isa = PBXFileReference; fileEncoding = 4; lastKnownFileType = sourcecode.swift; path = CreateChatViewController.swift; sourceTree = "<group>"; };
		9494C90E1D6B769600942948 /* MessageTableViewCell.swift */ = {isa = PBXFileReference; fileEncoding = 4; lastKnownFileType = sourcecode.swift; path = MessageTableViewCell.swift; sourceTree = "<group>"; };
		94FFC78F1D6CEB8C00026B1B /* MessageViewController.swift */ = {isa = PBXFileReference; fileEncoding = 4; lastKnownFileType = sourcecode.swift; path = MessageViewController.swift; sourceTree = "<group>"; };
		C2472E9F8F9AA23AC90F89A3 /* Pods-ChatAppTests.release.xcconfig */ = {isa = PBXFileReference; includeInIndex = 1; lastKnownFileType = text.xcconfig; name = "Pods-ChatAppTests.release.xcconfig"; path = "Pods/Target Support Files/Pods-ChatAppTests/Pods-ChatAppTests.release.xcconfig"; sourceTree = "<group>"; };
		D24E7C4AF64EF15A7843E919 /* Pods_ChatApp.framework */ = {isa = PBXFileReference; explicitFileType = wrapper.framework; includeInIndex = 0; path = Pods_ChatApp.framework; sourceTree = BUILT_PRODUCTS_DIR; };
		D28CD352EBA7F34FCB9D92E0 /* Pods-ChatAppUITests.release.xcconfig */ = {isa = PBXFileReference; includeInIndex = 1; lastKnownFileType = text.xcconfig; name = "Pods-ChatAppUITests.release.xcconfig"; path = "Pods/Target Support Files/Pods-ChatAppUITests/Pods-ChatAppUITests.release.xcconfig"; sourceTree = "<group>"; };
		EF86CDB9C6FD4860905249C1 /* Pods-ChatAppTests.debug.xcconfig */ = {isa = PBXFileReference; includeInIndex = 1; lastKnownFileType = text.xcconfig; name = "Pods-ChatAppTests.debug.xcconfig"; path = "Pods/Target Support Files/Pods-ChatAppTests/Pods-ChatAppTests.debug.xcconfig"; sourceTree = "<group>"; };
/* End PBXFileReference section */

/* Begin PBXFrameworksBuildPhase section */
		94181CA51D654E2E00B2DD80 /* Frameworks */ = {
			isa = PBXFrameworksBuildPhase;
			buildActionMask = 2147483647;
			files = (
				51BE6A06B81F5EDB2EE6BC29 /* Pods_ChatApp.framework in Frameworks */,
			);
			runOnlyForDeploymentPostprocessing = 0;
		};
		94181CB91D654E2E00B2DD80 /* Frameworks */ = {
			isa = PBXFrameworksBuildPhase;
			buildActionMask = 2147483647;
			files = (
				A31308CD6378B54CE3D586E0 /* Pods_ChatAppTests.framework in Frameworks */,
			);
			runOnlyForDeploymentPostprocessing = 0;
		};
		94181CC41D654E2E00B2DD80 /* Frameworks */ = {
			isa = PBXFrameworksBuildPhase;
			buildActionMask = 2147483647;
			files = (
				3B51EB964AF7F45115F75B8C /* Pods_ChatAppUITests.framework in Frameworks */,
			);
			runOnlyForDeploymentPostprocessing = 0;
		};
/* End PBXFrameworksBuildPhase section */

/* Begin PBXGroup section */
		56DB3C114E567F3D15FDD9B6 /* Frameworks */ = {
			isa = PBXGroup;
			children = (
				D24E7C4AF64EF15A7843E919 /* Pods_ChatApp.framework */,
				3C53F41D34C59AEE7D642605 /* Pods_ChatAppTests.framework */,
				20BFB7F70CF2EFAB99667825 /* Pods_ChatAppUITests.framework */,
			);
			name = Frameworks;
			sourceTree = "<group>";
		};
		94181C9F1D654E2E00B2DD80 = {
			isa = PBXGroup;
			children = (
				94181CAA1D654E2E00B2DD80 /* ChatApp */,
				94181CBF1D654E2E00B2DD80 /* ChatAppTests */,
				94181CCA1D654E2E00B2DD80 /* ChatAppUITests */,
				94181CA91D654E2E00B2DD80 /* Products */,
				A9BBF99D1D30C9FC44748E3D /* Pods */,
				56DB3C114E567F3D15FDD9B6 /* Frameworks */,
			);
			sourceTree = "<group>";
		};
		94181CA91D654E2E00B2DD80 /* Products */ = {
			isa = PBXGroup;
			children = (
				94181CA81D654E2E00B2DD80 /* ChatApp.app */,
				94181CBC1D654E2E00B2DD80 /* ChatAppTests.xctest */,
				94181CC71D654E2E00B2DD80 /* ChatAppUITests.xctest */,
			);
			name = Products;
			sourceTree = "<group>";
		};
		94181CAA1D654E2E00B2DD80 /* ChatApp */ = {
			isa = PBXGroup;
			children = (
				94181CAB1D654E2E00B2DD80 /* AppDelegate.swift */,
				94181CAD1D654E2E00B2DD80 /* ViewController.swift */,
				94181CAF1D654E2E00B2DD80 /* Main.storyboard */,
				94181CB21D654E2E00B2DD80 /* Assets.xcassets */,
				94181CB41D654E2E00B2DD80 /* LaunchScreen.storyboard */,
				94181CB71D654E2E00B2DD80 /* Info.plist */,
				94181CD91D654E8A00B2DD80 /* GoogleService-Info.plist */,
				94181CDB1D657E6F00B2DD80 /* CreateAccountViewController.swift */,
				94181CEB1D66AF4600B2DD80 /* MyChatsViewController.swift */,
				94181CED1D66AF6800B2DD80 /* ChatTableViewCell.swift */,
				942F55251D6A10F00044F3C9 /* CreateChatViewController.swift */,
				9494C90E1D6B769600942948 /* MessageTableViewCell.swift */,
				94FFC78F1D6CEB8C00026B1B /* MessageViewController.swift */,
			);
			path = ChatApp;
			sourceTree = "<group>";
		};
		94181CBF1D654E2E00B2DD80 /* ChatAppTests */ = {
			isa = PBXGroup;
			children = (
				94181CC01D654E2E00B2DD80 /* ChatAppTests.swift */,
				94181CC21D654E2E00B2DD80 /* Info.plist */,
			);
			path = ChatAppTests;
			sourceTree = "<group>";
		};
		94181CCA1D654E2E00B2DD80 /* ChatAppUITests */ = {
			isa = PBXGroup;
			children = (
				94181CCB1D654E2E00B2DD80 /* ChatAppUITests.swift */,
				94181CCD1D654E2E00B2DD80 /* Info.plist */,
			);
			path = ChatAppUITests;
			sourceTree = "<group>";
		};
		A9BBF99D1D30C9FC44748E3D /* Pods */ = {
			isa = PBXGroup;
			children = (
				708DD5AA976552503A8ED74D /* Pods-ChatApp.debug.xcconfig */,
				158359A158628C3753957325 /* Pods-ChatApp.release.xcconfig */,
				EF86CDB9C6FD4860905249C1 /* Pods-ChatAppTests.debug.xcconfig */,
				C2472E9F8F9AA23AC90F89A3 /* Pods-ChatAppTests.release.xcconfig */,
				445CCD6F0FD0A5F1BB54C92A /* Pods-ChatAppUITests.debug.xcconfig */,
				D28CD352EBA7F34FCB9D92E0 /* Pods-ChatAppUITests.release.xcconfig */,
			);
			name = Pods;
			sourceTree = "<group>";
		};
/* End PBXGroup section */

/* Begin PBXNativeTarget section */
		94181CA71D654E2E00B2DD80 /* ChatApp */ = {
			isa = PBXNativeTarget;
			buildConfigurationList = 94181CD01D654E2E00B2DD80 /* Build configuration list for PBXNativeTarget "ChatApp" */;
			buildPhases = (
				6BA5D073CA9DEAEA2486514F /* [CP] Check Pods Manifest.lock */,
				94181CA41D654E2E00B2DD80 /* Sources */,
				94181CA51D654E2E00B2DD80 /* Frameworks */,
				94181CA61D654E2E00B2DD80 /* Resources */,
				B8583FA02D9911ADA9812FE7 /* [CP] Embed Pods Frameworks */,
				72D3D424FF739D19B9D206F8 /* [CP] Copy Pods Resources */,
			);
			buildRules = (
			);
			dependencies = (
			);
			name = ChatApp;
			productName = ChatApp;
			productReference = 94181CA81D654E2E00B2DD80 /* ChatApp.app */;
			productType = "com.apple.product-type.application";
		};
		94181CBB1D654E2E00B2DD80 /* ChatAppTests */ = {
			isa = PBXNativeTarget;
			buildConfigurationList = 94181CD31D654E2E00B2DD80 /* Build configuration list for PBXNativeTarget "ChatAppTests" */;
			buildPhases = (
				9481D11293EB3C21EB7DB14E /* [CP] Check Pods Manifest.lock */,
				94181CB81D654E2E00B2DD80 /* Sources */,
				94181CB91D654E2E00B2DD80 /* Frameworks */,
				94181CBA1D654E2E00B2DD80 /* Resources */,
				651CFF0408E2353D991573BF /* [CP] Embed Pods Frameworks */,
				D2F0478C21457EF89417FC86 /* [CP] Copy Pods Resources */,
			);
			buildRules = (
			);
			dependencies = (
				94181CBE1D654E2E00B2DD80 /* PBXTargetDependency */,
			);
			name = ChatAppTests;
			productName = ChatAppTests;
			productReference = 94181CBC1D654E2E00B2DD80 /* ChatAppTests.xctest */;
			productType = "com.apple.product-type.bundle.unit-test";
		};
		94181CC61D654E2E00B2DD80 /* ChatAppUITests */ = {
			isa = PBXNativeTarget;
			buildConfigurationList = 94181CD61D654E2E00B2DD80 /* Build configuration list for PBXNativeTarget "ChatAppUITests" */;
			buildPhases = (
				AEA8A5A501A842CACF4E05A1 /* [CP] Check Pods Manifest.lock */,
				94181CC31D654E2E00B2DD80 /* Sources */,
				94181CC41D654E2E00B2DD80 /* Frameworks */,
				94181CC51D654E2E00B2DD80 /* Resources */,
				179578CBFDC5565B842DAF02 /* [CP] Copy Pods Resources */,
			);
			buildRules = (
			);
			dependencies = (
				94181CC91D654E2E00B2DD80 /* PBXTargetDependency */,
			);
			name = ChatAppUITests;
			productName = ChatAppUITests;
			productReference = 94181CC71D654E2E00B2DD80 /* ChatAppUITests.xctest */;
			productType = "com.apple.product-type.bundle.ui-testing";
		};
/* End PBXNativeTarget section */

/* Begin PBXProject section */
		94181CA01D654E2E00B2DD80 /* Project object */ = {
			isa = PBXProject;
			attributes = {
				LastSwiftUpdateCheck = 0730;
				LastUpgradeCheck = 0730;
				ORGANIZATIONNAME = rcocuzzo8;
				TargetAttributes = {
					94181CA71D654E2E00B2DD80 = {
						CreatedOnToolsVersion = 7.3.1;
					};
					94181CBB1D654E2E00B2DD80 = {
						CreatedOnToolsVersion = 7.3.1;
						TestTargetID = 94181CA71D654E2E00B2DD80;
					};
					94181CC61D654E2E00B2DD80 = {
						CreatedOnToolsVersion = 7.3.1;
						TestTargetID = 94181CA71D654E2E00B2DD80;
					};
				};
			};
			buildConfigurationList = 94181CA31D654E2E00B2DD80 /* Build configuration list for PBXProject "ChatApp" */;
			compatibilityVersion = "Xcode 3.2";
			developmentRegion = English;
			hasScannedForEncodings = 0;
			knownRegions = (
				en,
				Base,
			);
			mainGroup = 94181C9F1D654E2E00B2DD80;
			productRefGroup = 94181CA91D654E2E00B2DD80 /* Products */;
			projectDirPath = "";
			projectRoot = "";
			targets = (
				94181CA71D654E2E00B2DD80 /* ChatApp */,
				94181CBB1D654E2E00B2DD80 /* ChatAppTests */,
				94181CC61D654E2E00B2DD80 /* ChatAppUITests */,
			);
		};
/* End PBXProject section */

/* Begin PBXResourcesBuildPhase section */
		94181CA61D654E2E00B2DD80 /* Resources */ = {
			isa = PBXResourcesBuildPhase;
			buildActionMask = 2147483647;
			files = (
				94181CB61D654E2E00B2DD80 /* LaunchScreen.storyboard in Resources */,
				94181CB31D654E2E00B2DD80 /* Assets.xcassets in Resources */,
				94181CDA1D654E8A00B2DD80 /* GoogleService-Info.plist in Resources */,
				94181CB11D654E2E00B2DD80 /* Main.storyboard in Resources */,
			);
			runOnlyForDeploymentPostprocessing = 0;
		};
		94181CBA1D654E2E00B2DD80 /* Resources */ = {
			isa = PBXResourcesBuildPhase;
			buildActionMask = 2147483647;
			files = (
			);
			runOnlyForDeploymentPostprocessing = 0;
		};
		94181CC51D654E2E00B2DD80 /* Resources */ = {
			isa = PBXResourcesBuildPhase;
			buildActionMask = 2147483647;
			files = (
			);
			runOnlyForDeploymentPostprocessing = 0;
		};
/* End PBXResourcesBuildPhase section */

/* Begin PBXShellScriptBuildPhase section */
		179578CBFDC5565B842DAF02 /* [CP] Copy Pods Resources */ = {
			isa = PBXShellScriptBuildPhase;
			buildActionMask = 2147483647;
			files = (
			);
			inputPaths = (
			);
			name = "[CP] Copy Pods Resources";
			outputPaths = (
			);
			runOnlyForDeploymentPostprocessing = 0;
			shellPath = /bin/sh;
			shellScript = "\"${SRCROOT}/Pods/Target Support Files/Pods-ChatAppUITests/Pods-ChatAppUITests-resources.sh\"\n";
			showEnvVarsInLog = 0;
		};
		651CFF0408E2353D991573BF /* [CP] Embed Pods Frameworks */ = {
			isa = PBXShellScriptBuildPhase;
			buildActionMask = 2147483647;
			files = (
			);
			inputPaths = (
			);
			name = "[CP] Embed Pods Frameworks";
			outputPaths = (
			);
			runOnlyForDeploymentPostprocessing = 0;
			shellPath = /bin/sh;
			shellScript = "\"${SRCROOT}/Pods/Target Support Files/Pods-ChatAppTests/Pods-ChatAppTests-frameworks.sh\"\n";
			showEnvVarsInLog = 0;
		};
		6BA5D073CA9DEAEA2486514F /* [CP] Check Pods Manifest.lock */ = {
			isa = PBXShellScriptBuildPhase;
			buildActionMask = 2147483647;
			files = (
			);
			inputPaths = (
			);
			name = "[CP] Check Pods Manifest.lock";
			outputPaths = (
			);
			runOnlyForDeploymentPostprocessing = 0;
			shellPath = /bin/sh;
			shellScript = "diff \"${PODS_ROOT}/../Podfile.lock\" \"${PODS_ROOT}/Manifest.lock\" > /dev/null\nif [[ $? != 0 ]] ; then\n    cat << EOM\nerror: The sandbox is not in sync with the Podfile.lock. Run 'pod install' or update your CocoaPods installation.\nEOM\n    exit 1\nfi\n";
			showEnvVarsInLog = 0;
		};
		72D3D424FF739D19B9D206F8 /* [CP] Copy Pods Resources */ = {
			isa = PBXShellScriptBuildPhase;
			buildActionMask = 2147483647;
			files = (
			);
			inputPaths = (
			);
			name = "[CP] Copy Pods Resources";
			outputPaths = (
			);
			runOnlyForDeploymentPostprocessing = 0;
			shellPath = /bin/sh;
			shellScript = "\"${SRCROOT}/Pods/Target Support Files/Pods-ChatApp/Pods-ChatApp-resources.sh\"\n";
			showEnvVarsInLog = 0;
		};
		9481D11293EB3C21EB7DB14E /* [CP] Check Pods Manifest.lock */ = {
			isa = PBXShellScriptBuildPhase;
			buildActionMask = 2147483647;
			files = (
			);
			inputPaths = (
			);
			name = "[CP] Check Pods Manifest.lock";
			outputPaths = (
			);
			runOnlyForDeploymentPostprocessing = 0;
			shellPath = /bin/sh;
			shellScript = "diff \"${PODS_ROOT}/../Podfile.lock\" \"${PODS_ROOT}/Manifest.lock\" > /dev/null\nif [[ $? != 0 ]] ; then\n    cat << EOM\nerror: The sandbox is not in sync with the Podfile.lock. Run 'pod install' or update your CocoaPods installation.\nEOM\n    exit 1\nfi\n";
			showEnvVarsInLog = 0;
		};
		AEA8A5A501A842CACF4E05A1 /* [CP] Check Pods Manifest.lock */ = {
			isa = PBXShellScriptBuildPhase;
			buildActionMask = 2147483647;
			files = (
			);
			inputPaths = (
			);
			name = "[CP] Check Pods Manifest.lock";
			outputPaths = (
			);
			runOnlyForDeploymentPostprocessing = 0;
			shellPath = /bin/sh;
			shellScript = "diff \"${PODS_ROOT}/../Podfile.lock\" \"${PODS_ROOT}/Manifest.lock\" > /dev/null\nif [[ $? != 0 ]] ; then\n    cat << EOM\nerror: The sandbox is not in sync with the Podfile.lock. Run 'pod install' or update your CocoaPods installation.\nEOM\n    exit 1\nfi\n";
			showEnvVarsInLog = 0;
		};
		B8583FA02D9911ADA9812FE7 /* [CP] Embed Pods Frameworks */ = {
			isa = PBXShellScriptBuildPhase;
			buildActionMask = 2147483647;
			files = (
			);
			inputPaths = (
			);
			name = "[CP] Embed Pods Frameworks";
			outputPaths = (
			);
			runOnlyForDeploymentPostprocessing = 0;
			shellPath = /bin/sh;
			shellScript = "\"${SRCROOT}/Pods/Target Support Files/Pods-ChatApp/Pods-ChatApp-frameworks.sh\"\n";
			showEnvVarsInLog = 0;
		};
		D2F0478C21457EF89417FC86 /* [CP] Copy Pods Resources */ = {
			isa = PBXShellScriptBuildPhase;
			buildActionMask = 2147483647;
			files = (
			);
			inputPaths = (
			);
			name = "[CP] Copy Pods Resources";
			outputPaths = (
			);
			runOnlyForDeploymentPostprocessing = 0;
			shellPath = /bin/sh;
			shellScript = "\"${SRCROOT}/Pods/Target Support Files/Pods-ChatAppTests/Pods-ChatAppTests-resources.sh\"\n";
			showEnvVarsInLog = 0;
		};
/* End PBXShellScriptBuildPhase section */

/* Begin PBXSourcesBuildPhase section */
		94181CA41D654E2E00B2DD80 /* Sources */ = {
			isa = PBXSourcesBuildPhase;
			buildActionMask = 2147483647;
			files = (
				94181CDC1D657E6F00B2DD80 /* CreateAccountViewController.swift in Sources */,
				94181CAE1D654E2E00B2DD80 /* ViewController.swift in Sources */,
				94FFC7901D6CEB8C00026B1B /* MessageViewController.swift in Sources */,
				942F55261D6A10F00044F3C9 /* CreateChatViewController.swift in Sources */,
				94181CEE1D66AF6800B2DD80 /* ChatTableViewCell.swift in Sources */,
				94181CEC1D66AF4600B2DD80 /* MyChatsViewController.swift in Sources */,
				9494C90F1D6B769600942948 /* MessageTableViewCell.swift in Sources */,
				94181CAC1D654E2E00B2DD80 /* AppDelegate.swift in Sources */,
			);
			runOnlyForDeploymentPostprocessing = 0;
		};
		94181CB81D654E2E00B2DD80 /* Sources */ = {
			isa = PBXSourcesBuildPhase;
			buildActionMask = 2147483647;
			files = (
				94181CC11D654E2E00B2DD80 /* ChatAppTests.swift in Sources */,
			);
			runOnlyForDeploymentPostprocessing = 0;
		};
		94181CC31D654E2E00B2DD80 /* Sources */ = {
			isa = PBXSourcesBuildPhase;
			buildActionMask = 2147483647;
			files = (
				94181CCC1D654E2E00B2DD80 /* ChatAppUITests.swift in Sources */,
			);
			runOnlyForDeploymentPostprocessing = 0;
		};
/* End PBXSourcesBuildPhase section */

/* Begin PBXTargetDependency section */
		94181CBE1D654E2E00B2DD80 /* PBXTargetDependency */ = {
			isa = PBXTargetDependency;
			target = 94181CA71D654E2E00B2DD80 /* ChatApp */;
			targetProxy = 94181CBD1D654E2E00B2DD80 /* PBXContainerItemProxy */;
		};
		94181CC91D654E2E00B2DD80 /* PBXTargetDependency */ = {
			isa = PBXTargetDependency;
			target = 94181CA71D654E2E00B2DD80 /* ChatApp */;
			targetProxy = 94181CC81D654E2E00B2DD80 /* PBXContainerItemProxy */;
		};
/* End PBXTargetDependency section */

/* Begin PBXVariantGroup section */
		94181CAF1D654E2E00B2DD80 /* Main.storyboard */ = {
			isa = PBXVariantGroup;
			children = (
				94181CB01D654E2E00B2DD80 /* Base */,
			);
			name = Main.storyboard;
			sourceTree = "<group>";
		};
		94181CB41D654E2E00B2DD80 /* LaunchScreen.storyboard */ = {
			isa = PBXVariantGroup;
			children = (
				94181CB51D654E2E00B2DD80 /* Base */,
			);
			name = LaunchScreen.storyboard;
			sourceTree = "<group>";
		};
/* End PBXVariantGroup section */

/* Begin XCBuildConfiguration section */
		94181CCE1D654E2E00B2DD80 /* Debug */ = {
			isa = XCBuildConfiguration;
			buildSettings = {
				ALWAYS_SEARCH_USER_PATHS = NO;
				CLANG_ANALYZER_NONNULL = YES;
				CLANG_CXX_LANGUAGE_STANDARD = "gnu++0x";
				CLANG_CXX_LIBRARY = "libc++";
				CLANG_ENABLE_MODULES = YES;
				CLANG_ENABLE_OBJC_ARC = YES;
				CLANG_WARN_BOOL_CONVERSION = YES;
				CLANG_WARN_CONSTANT_CONVERSION = YES;
				CLANG_WARN_DIRECT_OBJC_ISA_USAGE = YES_ERROR;
				CLANG_WARN_EMPTY_BODY = YES;
				CLANG_WARN_ENUM_CONVERSION = YES;
				CLANG_WARN_INT_CONVERSION = YES;
				CLANG_WARN_OBJC_ROOT_CLASS = YES_ERROR;
				CLANG_WARN_UNREACHABLE_CODE = YES;
				CLANG_WARN__DUPLICATE_METHOD_MATCH = YES;
				"CODE_SIGN_IDENTITY[sdk=iphoneos*]" = "iPhone Developer";
				COPY_PHASE_STRIP = NO;
				DEBUG_INFORMATION_FORMAT = dwarf;
				ENABLE_STRICT_OBJC_MSGSEND = YES;
				ENABLE_TESTABILITY = YES;
				GCC_C_LANGUAGE_STANDARD = gnu99;
				GCC_DYNAMIC_NO_PIC = NO;
				GCC_NO_COMMON_BLOCKS = YES;
				GCC_OPTIMIZATION_LEVEL = 0;
				GCC_PREPROCESSOR_DEFINITIONS = (
					"DEBUG=1",
					"$(inherited)",
				);
				GCC_WARN_64_TO_32_BIT_CONVERSION = YES;
				GCC_WARN_ABOUT_RETURN_TYPE = YES_ERROR;
				GCC_WARN_UNDECLARED_SELECTOR = YES;
				GCC_WARN_UNINITIALIZED_AUTOS = YES_AGGRESSIVE;
				GCC_WARN_UNUSED_FUNCTION = YES;
				GCC_WARN_UNUSED_VARIABLE = YES;
				IPHONEOS_DEPLOYMENT_TARGET = 9.3;
				MTL_ENABLE_DEBUG_INFO = YES;
				ONLY_ACTIVE_ARCH = YES;
				SDKROOT = iphoneos;
				SWIFT_OPTIMIZATION_LEVEL = "-Onone";
				TARGETED_DEVICE_FAMILY = "1,2";
			};
			name = Debug;
		};
		94181CCF1D654E2E00B2DD80 /* Release */ = {
			isa = XCBuildConfiguration;
			buildSettings = {
				ALWAYS_SEARCH_USER_PATHS = NO;
				CLANG_ANALYZER_NONNULL = YES;
				CLANG_CXX_LANGUAGE_STANDARD = "gnu++0x";
				CLANG_CXX_LIBRARY = "libc++";
				CLANG_ENABLE_MODULES = YES;
				CLANG_ENABLE_OBJC_ARC = YES;
				CLANG_WARN_BOOL_CONVERSION = YES;
				CLANG_WARN_CONSTANT_CONVERSION = YES;
				CLANG_WARN_DIRECT_OBJC_ISA_USAGE = YES_ERROR;
				CLANG_WARN_EMPTY_BODY = YES;
				CLANG_WARN_ENUM_CONVERSION = YES;
				CLANG_WARN_INT_CONVERSION = YES;
				CLANG_WARN_OBJC_ROOT_CLASS = YES_ERROR;
				CLANG_WARN_UNREACHABLE_CODE = YES;
				CLANG_WARN__DUPLICATE_METHOD_MATCH = YES;
				"CODE_SIGN_IDENTITY[sdk=iphoneos*]" = "iPhone Developer";
				COPY_PHASE_STRIP = NO;
				DEBUG_INFORMATION_FORMAT = "dwarf-with-dsym";
				ENABLE_NS_ASSERTIONS = NO;
				ENABLE_STRICT_OBJC_MSGSEND = YES;
				GCC_C_LANGUAGE_STANDARD = gnu99;
				GCC_NO_COMMON_BLOCKS = YES;
				GCC_WARN_64_TO_32_BIT_CONVERSION = YES;
				GCC_WARN_ABOUT_RETURN_TYPE = YES_ERROR;
				GCC_WARN_UNDECLARED_SELECTOR = YES;
				GCC_WARN_UNINITIALIZED_AUTOS = YES_AGGRESSIVE;
				GCC_WARN_UNUSED_FUNCTION = YES;
				GCC_WARN_UNUSED_VARIABLE = YES;
				IPHONEOS_DEPLOYMENT_TARGET = 9.3;
				MTL_ENABLE_DEBUG_INFO = NO;
				SDKROOT = iphoneos;
				TARGETED_DEVICE_FAMILY = "1,2";
				VALIDATE_PRODUCT = YES;
			};
			name = Release;
		};
		94181CD11D654E2E00B2DD80 /* Debug */ = {
			isa = XCBuildConfiguration;
			baseConfigurationReference = 708DD5AA976552503A8ED74D /* Pods-ChatApp.debug.xcconfig */;
			buildSettings = {
				ASSETCATALOG_COMPILER_APPICON_NAME = AppIcon;
				INFOPLIST_FILE = ChatApp/Info.plist;
				LD_RUNPATH_SEARCH_PATHS = "$(inherited) @executable_path/Frameworks";
				PRODUCT_BUNDLE_IDENTIFIER = rcocuzzo8.ChatApp;
				PRODUCT_NAME = "$(TARGET_NAME)";
			};
			name = Debug;
		};
		94181CD21D654E2E00B2DD80 /* Release */ = {
			isa = XCBuildConfiguration;
			baseConfigurationReference = 158359A158628C3753957325 /* Pods-ChatApp.release.xcconfig */;
			buildSettings = {
				ASSETCATALOG_COMPILER_APPICON_NAME = AppIcon;
				INFOPLIST_FILE = ChatApp/Info.plist;
				LD_RUNPATH_SEARCH_PATHS = "$(inherited) @executable_path/Frameworks";
				PRODUCT_BUNDLE_IDENTIFIER = rcocuzzo8.ChatApp;
				PRODUCT_NAME = "$(TARGET_NAME)";
			};
			name = Release;
		};
		94181CD41D654E2E00B2DD80 /* Debug */ = {
			isa = XCBuildConfiguration;
			baseConfigurationReference = EF86CDB9C6FD4860905249C1 /* Pods-ChatAppTests.debug.xcconfig */;
			buildSettings = {
				BUNDLE_LOADER = "$(TEST_HOST)";
				INFOPLIST_FILE = ChatAppTests/Info.plist;
				LD_RUNPATH_SEARCH_PATHS = "$(inherited) @executable_path/Frameworks @loader_path/Frameworks";
				PRODUCT_BUNDLE_IDENTIFIER = rcocuzzo8.ChatAppTests;
				PRODUCT_NAME = "$(TARGET_NAME)";
				TEST_HOST = "$(BUILT_PRODUCTS_DIR)/ChatApp.app/ChatApp";
			};
			name = Debug;
		};
		94181CD51D654E2E00B2DD80 /* Release */ = {
			isa = XCBuildConfiguration;
			baseConfigurationReference = C2472E9F8F9AA23AC90F89A3 /* Pods-ChatAppTests.release.xcconfig */;
			buildSettings = {
				BUNDLE_LOADER = "$(TEST_HOST)";
				INFOPLIST_FILE = ChatAppTests/Info.plist;
				LD_RUNPATH_SEARCH_PATHS = "$(inherited) @executable_path/Frameworks @loader_path/Frameworks";
				PRODUCT_BUNDLE_IDENTIFIER = rcocuzzo8.ChatAppTests;
				PRODUCT_NAME = "$(TARGET_NAME)";
				TEST_HOST = "$(BUILT_PRODUCTS_DIR)/ChatApp.app/ChatApp";
			};
			name = Release;
		};
		94181CD71D654E2E00B2DD80 /* Debug */ = {
			isa = XCBuildConfiguration;
			baseConfigurationReference = 445CCD6F0FD0A5F1BB54C92A /* Pods-ChatAppUITests.debug.xcconfig */;
			buildSettings = {
				INFOPLIST_FILE = ChatAppUITests/Info.plist;
				LD_RUNPATH_SEARCH_PATHS = "$(inherited) @executable_path/Frameworks @loader_path/Frameworks";
				PRODUCT_BUNDLE_IDENTIFIER = rcocuzzo8.ChatAppUITests;
				PRODUCT_NAME = "$(TARGET_NAME)";
				TEST_TARGET_NAME = ChatApp;
			};
			name = Debug;
		};
		94181CD81D654E2E00B2DD80 /* Release */ = {
			isa = XCBuildConfiguration;
			baseConfigurationReference = D28CD352EBA7F34FCB9D92E0 /* Pods-ChatAppUITests.release.xcconfig */;
			buildSettings = {
				INFOPLIST_FILE = ChatAppUITests/Info.plist;
				LD_RUNPATH_SEARCH_PATHS = "$(inherited) @executable_path/Frameworks @loader_path/Frameworks";
				PRODUCT_BUNDLE_IDENTIFIER = rcocuzzo8.ChatAppUITests;
				PRODUCT_NAME = "$(TARGET_NAME)";
				TEST_TARGET_NAME = ChatApp;
			};
			name = Release;
		};
/* End XCBuildConfiguration section */

/* Begin XCConfigurationList section */
		94181CA31D654E2E00B2DD80 /* Build configuration list for PBXProject "ChatApp" */ = {
			isa = XCConfigurationList;
			buildConfigurations = (
				94181CCE1D654E2E00B2DD80 /* Debug */,
				94181CCF1D654E2E00B2DD80 /* Release */,
			);
			defaultConfigurationIsVisible = 0;
			defaultConfigurationName = Release;
		};
		94181CD01D654E2E00B2DD80 /* Build configuration list for PBXNativeTarget "ChatApp" */ = {
			isa = XCConfigurationList;
			buildConfigurations = (
				94181CD11D654E2E00B2DD80 /* Debug */,
				94181CD21D654E2E00B2DD80 /* Release */,
			);
			defaultConfigurationIsVisible = 0;
			defaultConfigurationName = Release;
		};
		94181CD31D654E2E00B2DD80 /* Build configuration list for PBXNativeTarget "ChatAppTests" */ = {
			isa = XCConfigurationList;
			buildConfigurations = (
				94181CD41D654E2E00B2DD80 /* Debug */,
				94181CD51D654E2E00B2DD80 /* Release */,
			);
			defaultConfigurationIsVisible = 0;
			defaultConfigurationName = Release;
		};
		94181CD61D654E2E00B2DD80 /* Build configuration list for PBXNativeTarget "ChatAppUITests" */ = {
			isa = XCConfigurationList;
			buildConfigurations = (
				94181CD71D654E2E00B2DD80 /* Debug */,
				94181CD81D654E2E00B2DD80 /* Release */,
			);
			defaultConfigurationIsVisible = 0;
			defaultConfigurationName = Release;
		};
/* End XCConfigurationList section */
	};
	rootObject = 94181CA01D654E2E00B2DD80 /* Project object */;
}
